
Microsoft Visual Studio Solution File, Format Version 12.00
# Visual Studio Version 17
VisualStudioVersion = 17.14.36518.9
MinimumVisualStudioVersion = 10.0.40219.1
Project("{FAE04EC0-301F-11D3-BF4B-00C04F79EFBC}") = "SpendwiseSystem.API", "ExpenseTrackingSystem\SpendwiseSystem.API.csproj", "{22BF7B63-1E5B-4ACE-9D03-167BF387C1C0}"
EndProject
Project("{FAE04EC0-301F-11D3-BF4B-00C04F79EFBC}") = "SpendwiseSystem.Domain", "ExpenseTrackingSystem.API\SpendwiseSystem.Domain.csproj", "{A02AC7AA-D8A6-4BAD-ADF8-ED8D0C92CE0F}"
EndProject
Project("{FAE04EC0-301F-11D3-BF4B-00C04F79EFBC}") = "SpendwiseSystem.Application", "ExpenseTrackingSystem.Application\SpendwiseSystem.Application.csproj", "{353875B6-07E6-407E-AA4C-14DB273091CA}"
EndProject
Project("{FAE04EC0-301F-11D3-BF4B-00C04F79EFBC}") = "SpendwiseSystem.Infrastructure", "ExpenseTrackingSystem.Infrastructure\SpendwiseSystem.Infrastructure.csproj", "{859BB20F-E8E4-4CEC-91D3-17F816EBF13B}"
EndProject
Global
	GlobalSection(SolutionConfigurationPlatforms) = preSolution
		Debug|Any CPU = Debug|Any CPU
		Release|Any CPU = Release|Any CPU
	EndGlobalSection
	GlobalSection(ProjectConfigurationPlatforms) = postSolution
		{22BF7B63-1E5B-4ACE-9D03-167BF387C1C0}.Debug|Any CPU.ActiveCfg = Debug|Any CPU
		{22BF7B63-1E5B-4ACE-9D03-167BF387C1C0}.Debug|Any CPU.Build.0 = Debug|Any CPU
		{22BF7B63-1E5B-4ACE-9D03-167BF387C1C0}.Release|Any CPU.ActiveCfg = Release|Any CPU
		{22BF7B63-1E5B-4ACE-9D03-167BF387C1C0}.Release|Any CPU.Build.0 = Release|Any CPU
		{A02AC7AA-D8A6-4BAD-ADF8-ED8D0C92CE0F}.Debug|Any CPU.ActiveCfg = Debug|Any CPU
		{A02AC7AA-D8A6-4BAD-ADF8-ED8D0C92CE0F}.Debug|Any CPU.Build.0 = Debug|Any CPU
		{A02AC7AA-D8A6-4BAD-ADF8-ED8D0C92CE0F}.Release|Any CPU.ActiveCfg = Release|Any CPU
		{A02AC7AA-D8A6-4BAD-ADF8-ED8D0C92CE0F}.Release|Any CPU.Build.0 = Release|Any CPU
		{353875B6-07E6-407E-AA4C-14DB273091CA}.Debug|Any CPU.ActiveCfg = Debug|Any CPU
		{353875B6-07E6-407E-AA4C-14DB273091CA}.Debug|Any CPU.Build.0 = Debug|Any CPU
		{353875B6-07E6-407E-AA4C-14DB273091CA}.Release|Any CPU.ActiveCfg = Release|Any CPU
		{353875B6-07E6-407E-AA4C-14DB273091CA}.Release|Any CPU.Build.0 = Release|Any CPU
		{859BB20F-E8E4-4CEC-91D3-17F816EBF13B}.Debug|Any CPU.ActiveCfg = Debug|Any CPU
		{859BB20F-E8E4-4CEC-91D3-17F816EBF13B}.Debug|Any CPU.Build.0 = Debug|Any CPU
		{859BB20F-E8E4-4CEC-91D3-17F816EBF13B}.Release|Any CPU.ActiveCfg = Release|Any CPU
		{859BB20F-E8E4-4CEC-91D3-17F816EBF13B}.Release|Any CPU.Build.0 = Release|Any CPU
	EndGlobalSection
	GlobalSection(SolutionProperties) = preSolution
		HideSolutionNode = FALSE
	EndGlobalSection
	GlobalSection(ExtensibilityGlobals) = postSolution
		SolutionGuid = {182D6D7C-2F8A-4AE1-A44E-6F28718D1B1B}
	EndGlobalSection
EndGlobal


